// !$*UTF8*$!
{
	archiveVersion = 1;
	classes = {
	};
	objectVersion = 56;
	objects = {

/* Begin PBXBuildFile section */
		4C18BCFC2984881200209657 /* AppDelegate.swift in Sources */ = {isa = PBXBuildFile; fileRef = 4C18BCFB2984881200209657 /* AppDelegate.swift */; };
		4C18BCFE2984881200209657 /* SceneDelegate.swift in Sources */ = {isa = PBXBuildFile; fileRef = 4C18BCFD2984881200209657 /* SceneDelegate.swift */; };
		4C18BD002984881200209657 /* ViewController.swift in Sources */ = {isa = PBXBuildFile; fileRef = 4C18BCFF2984881200209657 /* ViewController.swift */; };
		4C18BD032984881200209657 /* Main.storyboard in Resources */ = {isa = PBXBuildFile; fileRef = 4C18BD012984881200209657 /* Main.storyboard */; };
		4C18BD062984881200209657 /* QCM.xcdatamodeld in Sources */ = {isa = PBXBuildFile; fileRef = 4C18BD042984881200209657 /* QCM.xcdatamodeld */; };
		4C18BD082984881300209657 /* Assets.xcassets in Resources */ = {isa = PBXBuildFile; fileRef = 4C18BD072984881300209657 /* Assets.xcassets */; };
		4C18BD0B2984881300209657 /* LaunchScreen.storyboard in Resources */ = {isa = PBXBuildFile; fileRef = 4C18BD092984881300209657 /* LaunchScreen.storyboard */; };
		4C18BD162984881300209657 /* QCMTests.swift in Sources */ = {isa = PBXBuildFile; fileRef = 4C18BD152984881300209657 /* QCMTests.swift */; };
		4C18BD202984881300209657 /* QCMUITests.swift in Sources */ = {isa = PBXBuildFile; fileRef = 4C18BD1F2984881300209657 /* QCMUITests.swift */; };
		4C18BD222984881300209657 /* QCMUITestsLaunchTests.swift in Sources */ = {isa = PBXBuildFile; fileRef = 4C18BD212984881300209657 /* QCMUITestsLaunchTests.swift */; };
/* End PBXBuildFile section */

/* Begin PBXContainerItemProxy section */
		4C18BD122984881300209657 /* PBXContainerItemProxy */ = {
			isa = PBXContainerItemProxy;
			containerPortal = 4C18BCF02984881200209657 /* Project object */;
			proxyType = 1;
			remoteGlobalIDString = 4C18BCF72984881200209657;
			remoteInfo = QCM;
		};
		4C18BD1C2984881300209657 /* PBXContainerItemProxy */ = {
			isa = PBXContainerItemProxy;
			containerPortal = 4C18BCF02984881200209657 /* Project object */;
			proxyType = 1;
			remoteGlobalIDString = 4C18BCF72984881200209657;
			remoteInfo = QCM;
		};
/* End PBXContainerItemProxy section */

/* Begin PBXFileReference section */
		4C18BCF82984881200209657 /* QCM.app */ = {isa = PBXFileReference; explicitFileType = wrapper.application; includeInIndex = 0; path = QCM.app; sourceTree = BUILT_PRODUCTS_DIR; };
		4C18BCFB2984881200209657 /* AppDelegate.swift */ = {isa = PBXFileReference; lastKnownFileType = sourcecode.swift; path = AppDelegate.swift; sourceTree = "<group>"; };
		4C18BCFD2984881200209657 /* SceneDelegate.swift */ = {isa = PBXFileReference; lastKnownFileType = sourcecode.swift; path = SceneDelegate.swift; sourceTree = "<group>"; };
		4C18BCFF2984881200209657 /* ViewController.swift */ = {isa = PBXFileReference; lastKnownFileType = sourcecode.swift; path = ViewController.swift; sourceTree = "<group>"; };
		4C18BD022984881200209657 /* Base */ = {isa = PBXFileReference; lastKnownFileType = file.storyboard; name = Base; path = Base.lproj/Main.storyboard; sourceTree = "<group>"; };
		4C18BD052984881200209657 /* QCM.xcdatamodel */ = {isa = PBXFileReference; lastKnownFileType = wrapper.xcdatamodel; path = QCM.xcdatamodel; sourceTree = "<group>"; };
		4C18BD072984881300209657 /* Assets.xcassets */ = {isa = PBXFileReference; lastKnownFileType = folder.assetcatalog; path = Assets.xcassets; sourceTree = "<group>"; };
		4C18BD0A2984881300209657 /* Base */ = {isa = PBXFileReference; lastKnownFileType = file.storyboard; name = Base; path = Base.lproj/LaunchScreen.storyboard; sourceTree = "<group>"; };
		4C18BD0C2984881300209657 /* Info.plist */ = {isa = PBXFileReference; lastKnownFileType = text.plist.xml; path = Info.plist; sourceTree = "<group>"; };
		4C18BD112984881300209657 /* QCMTests.xctest */ = {isa = PBXFileReference; explicitFileType = wrapper.cfbundle; includeInIndex = 0; path = QCMTests.xctest; sourceTree = BUILT_PRODUCTS_DIR; };
		4C18BD152984881300209657 /* QCMTests.swift */ = {isa = PBXFileReference; lastKnownFileType = sourcecode.swift; path = QCMTests.swift; sourceTree = "<group>"; };
		4C18BD1B2984881300209657 /* QCMUITests.xctest */ = {isa = PBXFileReference; explicitFileType = wrapper.cfbundle; includeInIndex = 0; path = QCMUITests.xctest; sourceTree = BUILT_PRODUCTS_DIR; };
		4C18BD1F2984881300209657 /* QCMUITests.swift */ = {isa = PBXFileReference; lastKnownFileType = sourcecode.swift; path = QCMUITests.swift; sourceTree = "<group>"; };
		4C18BD212984881300209657 /* QCMUITestsLaunchTests.swift */ = {isa = PBXFileReference; lastKnownFileType = sourcecode.swift; path = QCMUITestsLaunchTests.swift; sourceTree = "<group>"; };
/* End PBXFileReference section */

/* Begin PBXFrameworksBuildPhase section */
		4C18BCF52984881200209657 /* Frameworks */ = {
			isa = PBXFrameworksBuildPhase;
			buildActionMask = 2147483647;
			files = (
			);
			runOnlyForDeploymentPostprocessing = 0;
		};
		4C18BD0E2984881300209657 /* Frameworks */ = {
			isa = PBXFrameworksBuildPhase;
			buildActionMask = 2147483647;
			files = (
			);
			runOnlyForDeploymentPostprocessing = 0;
		};
		4C18BD182984881300209657 /* Frameworks */ = {
			isa = PBXFrameworksBuildPhase;
			buildActionMask = 2147483647;
			files = (
			);
			runOnlyForDeploymentPostprocessing = 0;
		};
/* End PBXFrameworksBuildPhase section */

/* Begin PBXGroup section */
		4C18BCEF2984881200209657 = {
			isa = PBXGroup;
			children = (
				4C18BCFA2984881200209657 /* QCM */,
				4C18BD142984881300209657 /* QCMTests */,
				4C18BD1E2984881300209657 /* QCMUITests */,
				4C18BCF92984881200209657 /* Products */,
			);
			sourceTree = "<group>";
		};
		4C18BCF92984881200209657 /* Products */ = {
			isa = PBXGroup;
			children = (
				4C18BCF82984881200209657 /* QCM.app */,
				4C18BD112984881300209657 /* QCMTests.xctest */,
				4C18BD1B2984881300209657 /* QCMUITests.xctest */,
			);
			name = Products;
			sourceTree = "<group>";
		};
		4C18BCFA2984881200209657 /* QCM */ = {
			isa = PBXGroup;
			children = (
				4C18BCFB2984881200209657 /* AppDelegate.swift */,
				4C18BCFD2984881200209657 /* SceneDelegate.swift */,
				4C18BCFF2984881200209657 /* ViewController.swift */,
				4C18BD012984881200209657 /* Main.storyboard */,
				4C18BD072984881300209657 /* Assets.xcassets */,
				4C18BD092984881300209657 /* LaunchScreen.storyboard */,
				4C18BD0C2984881300209657 /* Info.plist */,
				4C18BD042984881200209657 /* QCM.xcdatamodeld */,
			);
			path = QCM;
			sourceTree = "<group>";
		};
		4C18BD142984881300209657 /* QCMTests */ = {
			isa = PBXGroup;
			children = (
				4C18BD152984881300209657 /* QCMTests.swift */,
			);
			path = QCMTests;
			sourceTree = "<group>";
		};
		4C18BD1E2984881300209657 /* QCMUITests */ = {
			isa = PBXGroup;
			children = (
				4C18BD1F2984881300209657 /* QCMUITests.swift */,
				4C18BD212984881300209657 /* QCMUITestsLaunchTests.swift */,
			);
			path = QCMUITests;
			sourceTree = "<group>";
		};
/* End PBXGroup section */

/* Begin PBXNativeTarget section */
		4C18BCF72984881200209657 /* QCM */ = {
			isa = PBXNativeTarget;
			buildConfigurationList = 4C18BD252984881300209657 /* Build configuration list for PBXNativeTarget "QCM" */;
			buildPhases = (
				4C18BCF42984881200209657 /* Sources */,
				4C18BCF52984881200209657 /* Frameworks */,
				4C18BCF62984881200209657 /* Resources */,
			);
			buildRules = (
			);
			dependencies = (
			);
			name = QCM;
			productName = QCM;
			productReference = 4C18BCF82984881200209657 /* QCM.app */;
			productType = "com.apple.product-type.application";
		};
		4C18BD102984881300209657 /* QCMTests */ = {
			isa = PBXNativeTarget;
			buildConfigurationList = 4C18BD282984881300209657 /* Build configuration list for PBXNativeTarget "QCMTests" */;
			buildPhases = (
				4C18BD0D2984881300209657 /* Sources */,
				4C18BD0E2984881300209657 /* Frameworks */,
				4C18BD0F2984881300209657 /* Resources */,
			);
			buildRules = (
			);
			dependencies = (
				4C18BD132984881300209657 /* PBXTargetDependency */,
			);
			name = QCMTests;
			productName = QCMTests;
			productReference = 4C18BD112984881300209657 /* QCMTests.xctest */;
			productType = "com.apple.product-type.bundle.unit-test";
		};
		4C18BD1A2984881300209657 /* QCMUITests */ = {
			isa = PBXNativeTarget;
			buildConfigurationList = 4C18BD2B2984881300209657 /* Build configuration list for PBXNativeTarget "QCMUITests" */;
			buildPhases = (
				4C18BD172984881300209657 /* Sources */,
				4C18BD182984881300209657 /* Frameworks */,
				4C18BD192984881300209657 /* Resources */,
			);
			buildRules = (
			);
			dependencies = (
				4C18BD1D2984881300209657 /* PBXTargetDependency */,
			);
			name = QCMUITests;
			productName = QCMUITests;
			productReference = 4C18BD1B2984881300209657 /* QCMUITests.xctest */;
			productType = "com.apple.product-type.bundle.ui-testing";
		};
/* End PBXNativeTarget section */

/* Begin PBXProject section */
		4C18BCF02984881200209657 /* Project object */ = {
			isa = PBXProject;
			attributes = {
				BuildIndependentTargetsInParallel = 1;
				LastSwiftUpdateCheck = 1400;
				LastUpgradeCheck = 1400;
				TargetAttributes = {
					4C18BCF72984881200209657 = {
						CreatedOnToolsVersion = 14.0;
					};
					4C18BD102984881300209657 = {
						CreatedOnToolsVersion = 14.0;
						TestTargetID = 4C18BCF72984881200209657;
					};
					4C18BD1A2984881300209657 = {
						CreatedOnToolsVersion = 14.0;
						TestTargetID = 4C18BCF72984881200209657;
					};
				};
			};
			buildConfigurationList = 4C18BCF32984881200209657 /* Build configuration list for PBXProject "QCM" */;
			compatibilityVersion = "Xcode 14.0";
			developmentRegion = en;
			hasScannedForEncodings = 0;
			knownRegions = (
				en,
				Base,
			);
			mainGroup = 4C18BCEF2984881200209657;
			productRefGroup = 4C18BCF92984881200209657 /* Products */;
			projectDirPath = "";
			projectRoot = "";
			targets = (
				4C18BCF72984881200209657 /* QCM */,
				4C18BD102984881300209657 /* QCMTests */,
				4C18BD1A2984881300209657 /* QCMUITests */,
			);
		};
/* End PBXProject section */

/* Begin PBXResourcesBuildPhase section */
		4C18BCF62984881200209657 /* Resources */ = {
			isa = PBXResourcesBuildPhase;
			buildActionMask = 2147483647;
			files = (
				4C18BD0B2984881300209657 /* LaunchScreen.storyboard in Resources */,
				4C18BD082984881300209657 /* Assets.xcassets in Resources */,
				4C18BD032984881200209657 /* Main.storyboard in Resources */,
			);
			runOnlyForDeploymentPostprocessing = 0;
		};
		4C18BD0F2984881300209657 /* Resources */ = {
			isa = PBXResourcesBuildPhase;
			buildActionMask = 2147483647;
			files = (
			);
			runOnlyForDeploymentPostprocessing = 0;
		};
		4C18BD192984881300209657 /* Resources */ = {
			isa = PBXResourcesBuildPhase;
			buildActionMask = 2147483647;
			files = (
			);
			runOnlyForDeploymentPostprocessing = 0;
		};
/* End PBXResourcesBuildPhase section */

/* Begin PBXSourcesBuildPhase section */
		4C18BCF42984881200209657 /* Sources */ = {
			isa = PBXSourcesBuildPhase;
			buildActionMask = 2147483647;
			files = (
				4C18BD002984881200209657 /* ViewController.swift in Sources */,
				4C18BD062984881200209657 /* QCM.xcdatamodeld in Sources */,
				4C18BCFC2984881200209657 /* AppDelegate.swift in Sources */,
				4C18BCFE2984881200209657 /* SceneDelegate.swift in Sources */,
			);
			runOnlyForDeploymentPostprocessing = 0;
		};
		4C18BD0D2984881300209657 /* Sources */ = {
			isa = PBXSourcesBuildPhase;
			buildActionMask = 2147483647;
			files = (
				4C18BD162984881300209657 /* QCMTests.swift in Sources */,
			);
			runOnlyForDeploymentPostprocessing = 0;
		};
		4C18BD172984881300209657 /* Sources */ = {
			isa = PBXSourcesBuildPhase;
			buildActionMask = 2147483647;
			files = (
				4C18BD222984881300209657 /* QCMUITestsLaunchTests.swift in Sources */,
				4C18BD202984881300209657 /* QCMUITests.swift in Sources */,
			);
			runOnlyForDeploymentPostprocessing = 0;
		};
/* End PBXSourcesBuildPhase section */

/* Begin PBXTargetDependency section */
		4C18BD132984881300209657 /* PBXTargetDependency */ = {
			isa = PBXTargetDependency;
			target = 4C18BCF72984881200209657 /* QCM */;
			targetProxy = 4C18BD122984881300209657 /* PBXContainerItemProxy */;
		};
		4C18BD1D2984881300209657 /* PBXTargetDependency */ = {
			isa = PBXTargetDependency;
			target = 4C18BCF72984881200209657 /* QCM */;
			targetProxy = 4C18BD1C2984881300209657 /* PBXContainerItemProxy */;
		};
/* End PBXTargetDependency section */

/* Begin PBXVariantGroup section */
		4C18BD012984881200209657 /* Main.storyboard */ = {
			isa = PBXVariantGroup;
			children = (
				4C18BD022984881200209657 /* Base */,
			);
			name = Main.storyboard;
			sourceTree = "<group>";
		};
		4C18BD092984881300209657 /* LaunchScreen.storyboard */ = {
			isa = PBXVariantGroup;
			children = (
				4C18BD0A2984881300209657 /* Base */,
			);
			name = LaunchScreen.storyboard;
			sourceTree = "<group>";
		};
/* End PBXVariantGroup section */

/* Begin XCBuildConfiguration section */
		4C18BD232984881300209657 /* Debug */ = {
			isa = XCBuildConfiguration;
			buildSettings = {
				ALWAYS_SEARCH_USER_PATHS = NO;
				CLANG_ANALYZER_NONNULL = YES;
				CLANG_ANALYZER_NUMBER_OBJECT_CONVERSION = YES_AGGRESSIVE;
				CLANG_CXX_LANGUAGE_STANDARD = "gnu++20";
				CLANG_ENABLE_MODULES = YES;
				CLANG_ENABLE_OBJC_ARC = YES;
				CLANG_ENABLE_OBJC_WEAK = YES;
				CLANG_WARN_BLOCK_CAPTURE_AUTORELEASING = YES;
				CLANG_WARN_BOOL_CONVERSION = YES;
				CLANG_WARN_COMMA = YES;
				CLANG_WARN_CONSTANT_CONVERSION = YES;
				CLANG_WARN_DEPRECATED_OBJC_IMPLEMENTATIONS = YES;
				CLANG_WARN_DIRECT_OBJC_ISA_USAGE = YES_ERROR;
				CLANG_WARN_DOCUMENTATION_COMMENTS = YES;
				CLANG_WARN_EMPTY_BODY = YES;
				CLANG_WARN_ENUM_CONVERSION = YES;
				CLANG_WARN_INFINITE_RECURSION = YES;
				CLANG_WARN_INT_CONVERSION = YES;
				CLANG_WARN_NON_LITERAL_NULL_CONVERSION = YES;
				CLANG_WARN_OBJC_IMPLICIT_RETAIN_SELF = YES;
				CLANG_WARN_OBJC_LITERAL_CONVERSION = YES;
				CLANG_WARN_OBJC_ROOT_CLASS = YES_ERROR;
				CLANG_WARN_QUOTED_INCLUDE_IN_FRAMEWORK_HEADER = YES;
				CLANG_WARN_RANGE_LOOP_ANALYSIS = YES;
				CLANG_WARN_STRICT_PROTOTYPES = YES;
				CLANG_WARN_SUSPICIOUS_MOVE = YES;
				CLANG_WARN_UNGUARDED_AVAILABILITY = YES_AGGRESSIVE;
				CLANG_WARN_UNREACHABLE_CODE = YES;
				CLANG_WARN__DUPLICATE_METHOD_MATCH = YES;
				COPY_PHASE_STRIP = NO;
				DEBUG_INFORMATION_FORMAT = dwarf;
				ENABLE_STRICT_OBJC_MSGSEND = YES;
				ENABLE_TESTABILITY = YES;
				GCC_C_LANGUAGE_STANDARD = gnu11;
				GCC_DYNAMIC_NO_PIC = NO;
				GCC_NO_COMMON_BLOCKS = YES;
				GCC_OPTIMIZATION_LEVEL = 0;
				GCC_PREPROCESSOR_DEFINITIONS = (
					"DEBUG=1",
					"$(inherited)",
				);
				GCC_WARN_64_TO_32_BIT_CONVERSION = YES;
				GCC_WARN_ABOUT_RETURN_TYPE = YES_ERROR;
				GCC_WARN_UNDECLARED_SELECTOR = YES;
				GCC_WARN_UNINITIALIZED_AUTOS = YES_AGGRESSIVE;
				GCC_WARN_UNUSED_FUNCTION = YES;
				GCC_WARN_UNUSED_VARIABLE = YES;
				IPHONEOS_DEPLOYMENT_TARGET = 16.0;
				MTL_ENABLE_DEBUG_INFO = INCLUDE_SOURCE;
				MTL_FAST_MATH = YES;
				ONLY_ACTIVE_ARCH = YES;
				SDKROOT = iphoneos;
				SWIFT_ACTIVE_COMPILATION_CONDITIONS = DEBUG;
				SWIFT_OPTIMIZATION_LEVEL = "-Onone";
			};
			name = Debug;
		};
		4C18BD242984881300209657 /* Release */ = {
			isa = XCBuildConfiguration;
			buildSettings = {
				ALWAYS_SEARCH_USER_PATHS = NO;
				CLANG_ANALYZER_NONNULL = YES;
				CLANG_ANALYZER_NUMBER_OBJECT_CONVERSION = YES_AGGRESSIVE;
				CLANG_CXX_LANGUAGE_STANDARD = "gnu++20";
				CLANG_ENABLE_MODULES = YES;
				CLANG_ENABLE_OBJC_ARC = YES;
				CLANG_ENABLE_OBJC_WEAK = YES;
				CLANG_WARN_BLOCK_CAPTURE_AUTORELEASING = YES;
				CLANG_WARN_BOOL_CONVERSION = YES;
				CLANG_WARN_COMMA = YES;
				CLANG_WARN_CONSTANT_CONVERSION = YES;
				CLANG_WARN_DEPRECATED_OBJC_IMPLEMENTATIONS = YES;
				CLANG_WARN_DIRECT_OBJC_ISA_USAGE = YES_ERROR;
				CLANG_WARN_DOCUMENTATION_COMMENTS = YES;
				CLANG_WARN_EMPTY_BODY = YES;
				CLANG_WARN_ENUM_CONVERSION = YES;
				CLANG_WARN_INFINITE_RECURSION = YES;
				CLANG_WARN_INT_CONVERSION = YES;
				CLANG_WARN_NON_LITERAL_NULL_CONVERSION = YES;
				CLANG_WARN_OBJC_IMPLICIT_RETAIN_SELF = YES;
				CLANG_WARN_OBJC_LITERAL_CONVERSION = YES;
				CLANG_WARN_OBJC_ROOT_CLASS = YES_ERROR;
				CLANG_WARN_QUOTED_INCLUDE_IN_FRAMEWORK_HEADER = YES;
				CLANG_WARN_RANGE_LOOP_ANALYSIS = YES;
				CLANG_WARN_STRICT_PROTOTYPES = YES;
				CLANG_WARN_SUSPICIOUS_MOVE = YES;
				CLANG_WARN_UNGUARDED_AVAILABILITY = YES_AGGRESSIVE;
				CLANG_WARN_UNREACHABLE_CODE = YES;
				CLANG_WARN__DUPLICATE_METHOD_MATCH = YES;
				COPY_PHASE_STRIP = NO;
				DEBUG_INFORMATION_FORMAT = "dwarf-with-dsym";
				ENABLE_NS_ASSERTIONS = NO;
				ENABLE_STRICT_OBJC_MSGSEND = YES;
				GCC_C_LANGUAGE_STANDARD = gnu11;
				GCC_NO_COMMON_BLOCKS = YES;
				GCC_WARN_64_TO_32_BIT_CONVERSION = YES;
				GCC_WARN_ABOUT_RETURN_TYPE = YES_ERROR;
				GCC_WARN_UNDECLARED_SELECTOR = YES;
				GCC_WARN_UNINITIALIZED_AUTOS = YES_AGGRESSIVE;
				GCC_WARN_UNUSED_FUNCTION = YES;
				GCC_WARN_UNUSED_VARIABLE = YES;
				IPHONEOS_DEPLOYMENT_TARGET = 16.0;
				MTL_ENABLE_DEBUG_INFO = NO;
				MTL_FAST_MATH = YES;
				SDKROOT = iphoneos;
				SWIFT_COMPILATION_MODE = wholemodule;
				SWIFT_OPTIMIZATION_LEVEL = "-O";
				VALIDATE_PRODUCT = YES;
			};
			name = Release;
		};
		4C18BD262984881300209657 /* Debug */ = {
			isa = XCBuildConfiguration;
			buildSettings = {
				ASSETCATALOG_COMPILER_APPICON_NAME = AppIcon;
				ASSETCATALOG_COMPILER_GLOBAL_ACCENT_COLOR_NAME = AccentColor;
				CODE_SIGN_STYLE = Automatic;
				CURRENT_PROJECT_VERSION = 1;
				DEVELOPMENT_TEAM = F8JRW6YF7X;
				GENERATE_INFOPLIST_FILE = YES;
				INFOPLIST_FILE = QCM/Info.plist;
				INFOPLIST_KEY_UIApplicationSupportsIndirectInputEvents = YES;
				INFOPLIST_KEY_UILaunchStoryboardName = LaunchScreen;
				INFOPLIST_KEY_UIMainStoryboardFile = Main;
				INFOPLIST_KEY_UISupportedInterfaceOrientations_iPad = "UIInterfaceOrientationPortrait UIInterfaceOrientationPortraitUpsideDown UIInterfaceOrientationLandscapeLeft UIInterfaceOrientationLandscapeRight";
				INFOPLIST_KEY_UISupportedInterfaceOrientations_iPhone = "UIInterfaceOrientationPortrait UIInterfaceOrientationLandscapeLeft UIInterfaceOrientationLandscapeRight";
				LD_RUNPATH_SEARCH_PATHS = (
					"$(inherited)",
					"@executable_path/Frameworks",
				);
				MARKETING_VERSION = 1.0;
				PRODUCT_BUNDLE_IDENTIFIER = Benharchache.QCM;
				PRODUCT_NAME = "$(TARGET_NAME)";
				SWIFT_EMIT_LOC_STRINGS = YES;
				SWIFT_VERSION = 5.0;
				TARGETED_DEVICE_FAMILY = "1,2";
			};
			name = Debug;
		};
		4C18BD272984881300209657 /* Release */ = {
			isa = XCBuildConfiguration;
			buildSettings = {
				ASSETCATALOG_COMPILER_APPICON_NAME = AppIcon;
				ASSETCATALOG_COMPILER_GLOBAL_ACCENT_COLOR_NAME = AccentColor;
				CODE_SIGN_STYLE = Automatic;
				CURRENT_PROJECT_VERSION = 1;
				DEVELOPMENT_TEAM = F8JRW6YF7X;
				GENERATE_INFOPLIST_FILE = YES;
				INFOPLIST_FILE = QCM/Info.plist;
				INFOPLIST_KEY_UIApplicationSupportsIndirectInputEvents = YES;
				INFOPLIST_KEY_UILaunchStoryboardName = LaunchScreen;
				INFOPLIST_KEY_UIMainStoryboardFile = Main;
				INFOPLIST_KEY_UISupportedInterfaceOrientations_iPad = "UIInterfaceOrientationPortrait UIInterfaceOrientationPortraitUpsideDown UIInterfaceOrientationLandscapeLeft UIInterfaceOrientationLandscapeRight";
				INFOPLIST_KEY_UISupportedInterfaceOrientations_iPhone = "UIInterfaceOrientationPortrait UIInterfaceOrientationLandscapeLeft UIInterfaceOrientationLandscapeRight";
				LD_RUNPATH_SEARCH_PATHS = (
					"$(inherited)",
					"@executable_path/Frameworks",
				);
				MARKETING_VERSION = 1.0;
				PRODUCT_BUNDLE_IDENTIFIER = Benharchache.QCM;
				PRODUCT_NAME = "$(TARGET_NAME)";
				SWIFT_EMIT_LOC_STRINGS = YES;
				SWIFT_VERSION = 5.0;
				TARGETED_DEVICE_FAMILY = "1,2";
			};
			name = Release;
		};
		4C18BD292984881300209657 /* Debug */ = {
			isa = XCBuildConfiguration;
			buildSettings = {
				ALWAYS_EMBED_SWIFT_STANDARD_LIBRARIES = YES;
				BUNDLE_LOADER = "$(TEST_HOST)";
				CODE_SIGN_STYLE = Automatic;
				CURRENT_PROJECT_VERSION = 1;
				DEVELOPMENT_TEAM = F8JRW6YF7X;
				GENERATE_INFOPLIST_FILE = YES;
				IPHONEOS_DEPLOYMENT_TARGET = 16.0;
				MARKETING_VERSION = 1.0;
				PRODUCT_BUNDLE_IDENTIFIER = Benharchache.QCMTests;
				PRODUCT_NAME = "$(TARGET_NAME)";
				SWIFT_EMIT_LOC_STRINGS = NO;
				SWIFT_VERSION = 5.0;
				TARGETED_DEVICE_FAMILY = "1,2";
				TEST_HOST = "$(BUILT_PRODUCTS_DIR)/QCM.app/$(BUNDLE_EXECUTABLE_FOLDER_PATH)/QCM";
			};
			name = Debug;
		};
		4C18BD2A2984881300209657 /* Release */ = {
			isa = XCBuildConfiguration;
			buildSettings = {
				ALWAYS_EMBED_SWIFT_STANDARD_LIBRARIES = YES;
				BUNDLE_LOADER = "$(TEST_HOST)";
				CODE_SIGN_STYLE = Automatic;
				CURRENT_PROJECT_VERSION = 1;
				DEVELOPMENT_TEAM = F8JRW6YF7X;
				GENERATE_INFOPLIST_FILE = YES;
				IPHONEOS_DEPLOYMENT_TARGET = 16.0;
				MARKETING_VERSION = 1.0;
				PRODUCT_BUNDLE_IDENTIFIER = Benharchache.QCMTests;
				PRODUCT_NAME = "$(TARGET_NAME)";
				SWIFT_EMIT_LOC_STRINGS = NO;
				SWIFT_VERSION = 5.0;
				TARGETED_DEVICE_FAMILY = "1,2";
				TEST_HOST = "$(BUILT_PRODUCTS_DIR)/QCM.app/$(BUNDLE_EXECUTABLE_FOLDER_PATH)/QCM";
			};
			name = Release;
		};
		4C18BD2C2984881300209657 /* Debug */ = {
			isa = XCBuildConfiguration;
			buildSettings = {
				ALWAYS_EMBED_SWIFT_STANDARD_LIBRARIES = YES;
				CODE_SIGN_STYLE = Automatic;
				CURRENT_PROJECT_VERSION = 1;
				DEVELOPMENT_TEAM = F8JRW6YF7X;
				GENERATE_INFOPLIST_FILE = YES;
				MARKETING_VERSION = 1.0;
				PRODUCT_BUNDLE_IDENTIFIER = Benharchache.QCMUITests;
				PRODUCT_NAME = "$(TARGET_NAME)";
				SWIFT_EMIT_LOC_STRINGS = NO;
				SWIFT_VERSION = 5.0;
				TARGETED_DEVICE_FAMILY = "1,2";
				TEST_TARGET_NAME = QCM;
			};
			name = Debug;
		};
		4C18BD2D2984881300209657 /* Release */ = {
			isa = XCBuildConfiguration;
			buildSettings = {
				ALWAYS_EMBED_SWIFT_STANDARD_LIBRARIES = YES;
				CODE_SIGN_STYLE = Automatic;
				CURRENT_PROJECT_VERSION = 1;
				DEVELOPMENT_TEAM = F8JRW6YF7X;
				GENERATE_INFOPLIST_FILE = YES;
				MARKETING_VERSION = 1.0;
				PRODUCT_BUNDLE_IDENTIFIER = Benharchache.QCMUITests;
				PRODUCT_NAME = "$(TARGET_NAME)";
				SWIFT_EMIT_LOC_STRINGS = NO;
				SWIFT_VERSION = 5.0;
				TARGETED_DEVICE_FAMILY = "1,2";
				TEST_TARGET_NAME = QCM;
			};
			name = Release;
		};
/* End XCBuildConfiguration section */

/* Begin XCConfigurationList section */
		4C18BCF32984881200209657 /* Build configuration list for PBXProject "QCM" */ = {
			isa = XCConfigurationList;
			buildConfigurations = (
				4C18BD232984881300209657 /* Debug */,
				4C18BD242984881300209657 /* Release */,
			);
			defaultConfigurationIsVisible = 0;
			defaultConfigurationName = Release;
		};
		4C18BD252984881300209657 /* Build configuration list for PBXNativeTarget "QCM" */ = {
			isa = XCConfigurationList;
			buildConfigurations = (
				4C18BD262984881300209657 /* Debug */,
				4C18BD272984881300209657 /* Release */,
			);
			defaultConfigurationIsVisible = 0;
			defaultConfigurationName = Release;
		};
		4C18BD282984881300209657 /* Build configuration list for PBXNativeTarget "QCMTests" */ = {
			isa = XCConfigurationList;
			buildConfigurations = (
				4C18BD292984881300209657 /* Debug */,
				4C18BD2A2984881300209657 /* Release */,
			);
			defaultConfigurationIsVisible = 0;
			defaultConfigurationName = Release;
		};
		4C18BD2B2984881300209657 /* Build configuration list for PBXNativeTarget "QCMUITests" */ = {
			isa = XCConfigurationList;
			buildConfigurations = (
				4C18BD2C2984881300209657 /* Debug */,
				4C18BD2D2984881300209657 /* Release */,
			);
			defaultConfigurationIsVisible = 0;
			defaultConfigurationName = Release;
		};
/* End XCConfigurationList section */

/* Begin XCVersionGroup section */
		4C18BD042984881200209657 /* QCM.xcdatamodeld */ = {
			isa = XCVersionGroup;
			children = (
				4C18BD052984881200209657 /* QCM.xcdatamodel */,
			);
			currentVersion = 4C18BD052984881200209657 /* QCM.xcdatamodel */;
			path = QCM.xcdatamodeld;
			sourceTree = "<group>";
			versionGroupType = wrapper.xcdatamodel;
		};
/* End XCVersionGroup section */
	};
	rootObject = 4C18BCF02984881200209657 /* Project object */;
}
